
Microsoft Visual Studio Solution File, Format Version 12.00
# Visual Studio Version 17
VisualStudioVersion = 17.1.32328.378
MinimumVisualStudioVersion = 10.0.40219.1
Project("{FAE04EC0-301F-11D3-BF4B-00C04F79EFBC}") = "DictionaryBot", "DictionaryBot\DictionaryBot.csproj", "{59B67783-9ADA-4F85-8166-8A18307D0E1B}"
EndProject
Project("{9A19103F-16F7-4668-BE54-9A1E7A4F7556}") = "DictionaryApiNet", "DictionaryApiNet\DictionaryApiNet.csproj", "{7F26C3FC-D964-4FEF-AAD1-8F9A4B3A4DE2}"
EndProject
Global
	GlobalSection(SolutionConfigurationPlatforms) = preSolution
		Debug|Any CPU = Debug|Any CPU
		Release|Any CPU = Release|Any CPU
	EndGlobalSection
	GlobalSection(ProjectConfigurationPlatforms) = postSolution
		{59B67783-9ADA-4F85-8166-8A18307D0E1B}.Debug|Any CPU.ActiveCfg = Debug|Any CPU
		{59B67783-9ADA-4F85-8166-8A18307D0E1B}.Debug|Any CPU.Build.0 = Debug|Any CPU
		{59B67783-9ADA-4F85-8166-8A18307D0E1B}.Release|Any CPU.ActiveCfg = Release|Any CPU
		{59B67783-9ADA-4F85-8166-8A18307D0E1B}.Release|Any CPU.Build.0 = Release|Any CPU
		{7F26C3FC-D964-4FEF-AAD1-8F9A4B3A4DE2}.Debug|Any CPU.ActiveCfg = Debug|Any CPU
		{7F26C3FC-D964-4FEF-AAD1-8F9A4B3A4DE2}.Debug|Any CPU.Build.0 = Debug|Any CPU
		{7F26C3FC-D964-4FEF-AAD1-8F9A4B3A4DE2}.Release|Any CPU.ActiveCfg = Release|Any CPU
		{7F26C3FC-D964-4FEF-AAD1-8F9A4B3A4DE2}.Release|Any CPU.Build.0 = Release|Any CPU
	EndGlobalSection
	GlobalSection(SolutionProperties) = preSolution
		HideSolutionNode = FALSE
	EndGlobalSection
	GlobalSection(ExtensibilityGlobals) = postSolution
		SolutionGuid = {53C439AD-9853-4529-AB17-F61D7752872E}
	EndGlobalSection
EndGlobal
